
Microsoft Visual Studio Solution File, Format Version 12.00
Project("{FAE04EC0-301F-11D3-BF4B-00C04F79EFBC}") = "SemesterWork", "SemesterWork\SemesterWork.csproj", "{47B62FDF-6D38-416E-AD87-BA6B2E8BA363}"
EndProject
Project("{FAE04EC0-301F-11D3-BF4B-00C04F79EFBC}") = "Graph", "Graph\Graph.csproj", "{6A72A8EC-DAEA-4A57-A137-9FC4B9B441B6}"
EndProject
Global
	GlobalSection(SolutionConfigurationPlatforms) = preSolution
		Debug|Any CPU = Debug|Any CPU
		Release|Any CPU = Release|Any CPU
	EndGlobalSection
	GlobalSection(ProjectConfigurationPlatforms) = postSolution
		{47B62FDF-6D38-416E-AD87-BA6B2E8BA363}.Debug|Any CPU.ActiveCfg = Debug|Any CPU
		{47B62FDF-6D38-416E-AD87-BA6B2E8BA363}.Debug|Any CPU.Build.0 = Debug|Any CPU
		{47B62FDF-6D38-416E-AD87-BA6B2E8BA363}.Release|Any CPU.ActiveCfg = Release|Any CPU
		{47B62FDF-6D38-416E-AD87-BA6B2E8BA363}.Release|Any CPU.Build.0 = Release|Any CPU
		{6A72A8EC-DAEA-4A57-A137-9FC4B9B441B6}.Debug|Any CPU.ActiveCfg = Debug|Any CPU
		{6A72A8EC-DAEA-4A57-A137-9FC4B9B441B6}.Debug|Any CPU.Build.0 = Debug|Any CPU
		{6A72A8EC-DAEA-4A57-A137-9FC4B9B441B6}.Release|Any CPU.ActiveCfg = Release|Any CPU
		{6A72A8EC-DAEA-4A57-A137-9FC4B9B441B6}.Release|Any CPU.Build.0 = Release|Any CPU
	EndGlobalSection
EndGlobal
