
Microsoft Visual Studio Solution File, Format Version 12.00
Project("{FAE04EC0-301F-11D3-BF4B-00C04F79EFBC}") = "ACALab2", "ACALab2\ACALab2.csproj", "{5167A627-AC42-4983-802D-31FC82E621D6}"
EndProject
Global
	GlobalSection(SolutionConfigurationPlatforms) = preSolution
		Debug|Any CPU = Debug|Any CPU
		Release|Any CPU = Release|Any CPU
	EndGlobalSection
	GlobalSection(ProjectConfigurationPlatforms) = postSolution
		{5167A627-AC42-4983-802D-31FC82E621D6}.Debug|Any CPU.ActiveCfg = Debug|Any CPU
		{5167A627-AC42-4983-802D-31FC82E621D6}.Debug|Any CPU.Build.0 = Debug|Any CPU
		{5167A627-AC42-4983-802D-31FC82E621D6}.Release|Any CPU.ActiveCfg = Release|Any CPU
		{5167A627-AC42-4983-802D-31FC82E621D6}.Release|Any CPU.Build.0 = Release|Any CPU
	EndGlobalSection
EndGlobal
